
Microsoft Visual Studio Solution File, Format Version 12.00
# Visual Studio 15
VisualStudioVersion = 15.0.28010.2019
MinimumVisualStudioVersion = 10.0.40219.1
Project("{FAE04EC0-301F-11D3-BF4B-00C04F79EFBC}") = "FamilyDictionary", "FamilyDictionary\FamilyDictionary.csproj", "{ABE2B99E-0261-4CDF-B500-EDFD67FE7AC8}"
EndProject
Global
	GlobalSection(SolutionConfigurationPlatforms) = preSolution
		Debug|Any CPU = Debug|Any CPU
		Release|Any CPU = Release|Any CPU
	EndGlobalSection
	GlobalSection(ProjectConfigurationPlatforms) = postSolution
		{ABE2B99E-0261-4CDF-B500-EDFD67FE7AC8}.Debug|Any CPU.ActiveCfg = Debug|Any CPU
		{ABE2B99E-0261-4CDF-B500-EDFD67FE7AC8}.Debug|Any CPU.Build.0 = Debug|Any CPU
		{ABE2B99E-0261-4CDF-B500-EDFD67FE7AC8}.Release|Any CPU.ActiveCfg = Release|Any CPU
		{ABE2B99E-0261-4CDF-B500-EDFD67FE7AC8}.Release|Any CPU.Build.0 = Release|Any CPU
	EndGlobalSection
	GlobalSection(SolutionProperties) = preSolution
		HideSolutionNode = FALSE
	EndGlobalSection
	GlobalSection(ExtensibilityGlobals) = postSolution
		SolutionGuid = {08505453-210D-413B-994B-5E8F3125EE46}
	EndGlobalSection
EndGlobal
